
Microsoft Visual Studio Solution File, Format Version 12.00
# Visual Studio 2013
VisualStudioVersion = 12.0.31101.0
MinimumVisualStudioVersion = 10.0.40219.1
Project("{888888A0-9F3D-457C-B088-3A5042F75D52}") = "Sensor", "sensor\Sensor.pyproj", "{B33B2DC3-E9A6-4F8D-9EBA-339B3C45528A}"
EndProject
Project("{888888A0-9F3D-457C-B088-3A5042F75D52}") = "responder", "responder\responder.pyproj", "{1C457338-9A15-488B-9CA9-721C48C3BC22}"
EndProject
Global
	GlobalSection(SolutionConfigurationPlatforms) = preSolution
		Debug|Any CPU = Debug|Any CPU
		Release|Any CPU = Release|Any CPU
	EndGlobalSection
	GlobalSection(ProjectConfigurationPlatforms) = postSolution
		{B33B2DC3-E9A6-4F8D-9EBA-339B3C45528A}.Debug|Any CPU.ActiveCfg = Debug|Any CPU
		{B33B2DC3-E9A6-4F8D-9EBA-339B3C45528A}.Release|Any CPU.ActiveCfg = Release|Any CPU
		{1C457338-9A15-488B-9CA9-721C48C3BC22}.Debug|Any CPU.ActiveCfg = Debug|Any CPU
		{1C457338-9A15-488B-9CA9-721C48C3BC22}.Release|Any CPU.ActiveCfg = Release|Any CPU
	EndGlobalSection
	GlobalSection(SolutionProperties) = preSolution
		HideSolutionNode = FALSE
	EndGlobalSection
EndGlobal
